
Microsoft Visual Studio Solution File, Format Version 12.00
# Visual Studio 15
VisualStudioVersion = 15.0.28307.168
MinimumVisualStudioVersion = 10.0.40219.1
Project("{FAE04EC0-301F-11D3-BF4B-00C04F79EFBC}") = "Maletero", "Maletero\Maletero.csproj", "{6F38098E-34D0-4EDD-B385-8B813F362AE8}"
EndProject
Global
	GlobalSection(SolutionConfigurationPlatforms) = preSolution
		Debug|Any CPU = Debug|Any CPU
		Release|Any CPU = Release|Any CPU
	EndGlobalSection
	GlobalSection(ProjectConfigurationPlatforms) = postSolution
		{6F38098E-34D0-4EDD-B385-8B813F362AE8}.Debug|Any CPU.ActiveCfg = Debug|Any CPU
		{6F38098E-34D0-4EDD-B385-8B813F362AE8}.Debug|Any CPU.Build.0 = Debug|Any CPU
		{6F38098E-34D0-4EDD-B385-8B813F362AE8}.Release|Any CPU.ActiveCfg = Release|Any CPU
		{6F38098E-34D0-4EDD-B385-8B813F362AE8}.Release|Any CPU.Build.0 = Release|Any CPU
	EndGlobalSection
	GlobalSection(SolutionProperties) = preSolution
		HideSolutionNode = FALSE
	EndGlobalSection
	GlobalSection(ExtensibilityGlobals) = postSolution
		SolutionGuid = {C3352CDA-86C0-4345-BD80-11FB426F1CE0}
	EndGlobalSection
EndGlobal
